
Microsoft Visual Studio Solution File, Format Version 12.00
# Visual Studio 15
VisualStudioVersion = 15.0.28307.168
MinimumVisualStudioVersion = 10.0.40219.1
Project("{8BC9CEB8-8B4A-11D0-8D11-00A0C91BC942}") = "AnalysisLibrary", "Analysis\AnalysisLibrary.vcxproj", "{1559FE1E-B331-44FD-B45E-A3A9D728C759}"
EndProject
Project("{8BC9CEB8-8B4A-11D0-8D11-00A0C91BC942}") = "IOLibrary", "IO\IOLibrary.vcxproj", "{016ECD4E-67C0-4B38-AA0C-BFACA3EAC62F}"
EndProject
Project("{8BC9CEB8-8B4A-11D0-8D11-00A0C91BC942}") = "AnalysisTest", "Test\AnalysisTest.vcxproj", "{E2F6BA56-55DE-4E93-A13E-E2A25454D7C0}"
EndProject
Project("{8BC9CEB8-8B4A-11D0-8D11-00A0C91BC942}") = "AnalysisClr", "..\AnalysisClr\AnalysisClr.vcxproj", "{D84F1C57-7431-4001-A201-F77B4996160E}"
EndProject
Project("{FAE04EC0-301F-11D3-BF4B-00C04F79EFBC}") = "ClrTest", "ClrTest\ClrTest.csproj", "{03500469-0A6C-4B18-B3B9-F32204E81311}"
EndProject
Global
	GlobalSection(SolutionConfigurationPlatforms) = preSolution
		Debug|Any CPU = Debug|Any CPU
		Debug|x64 = Debug|x64
		Debug|x86 = Debug|x86
		Release|Any CPU = Release|Any CPU
		Release|x64 = Release|x64
		Release|x86 = Release|x86
	EndGlobalSection
	GlobalSection(ProjectConfigurationPlatforms) = postSolution
		{1559FE1E-B331-44FD-B45E-A3A9D728C759}.Debug|Any CPU.ActiveCfg = Debug|Win32
		{1559FE1E-B331-44FD-B45E-A3A9D728C759}.Debug|x64.ActiveCfg = Debug|x64
		{1559FE1E-B331-44FD-B45E-A3A9D728C759}.Debug|x64.Build.0 = Debug|x64
		{1559FE1E-B331-44FD-B45E-A3A9D728C759}.Debug|x86.ActiveCfg = Debug|Win32
		{1559FE1E-B331-44FD-B45E-A3A9D728C759}.Debug|x86.Build.0 = Debug|Win32
		{1559FE1E-B331-44FD-B45E-A3A9D728C759}.Release|Any CPU.ActiveCfg = Release|Win32
		{1559FE1E-B331-44FD-B45E-A3A9D728C759}.Release|x64.ActiveCfg = Release|x64
		{1559FE1E-B331-44FD-B45E-A3A9D728C759}.Release|x64.Build.0 = Release|x64
		{1559FE1E-B331-44FD-B45E-A3A9D728C759}.Release|x86.ActiveCfg = Release|Win32
		{1559FE1E-B331-44FD-B45E-A3A9D728C759}.Release|x86.Build.0 = Release|Win32
		{016ECD4E-67C0-4B38-AA0C-BFACA3EAC62F}.Debug|Any CPU.ActiveCfg = Debug|Win32
		{016ECD4E-67C0-4B38-AA0C-BFACA3EAC62F}.Debug|x64.ActiveCfg = Debug|x64
		{016ECD4E-67C0-4B38-AA0C-BFACA3EAC62F}.Debug|x64.Build.0 = Debug|x64
		{016ECD4E-67C0-4B38-AA0C-BFACA3EAC62F}.Debug|x86.ActiveCfg = Debug|Win32
		{016ECD4E-67C0-4B38-AA0C-BFACA3EAC62F}.Debug|x86.Build.0 = Debug|Win32
		{016ECD4E-67C0-4B38-AA0C-BFACA3EAC62F}.Release|Any CPU.ActiveCfg = Release|Win32
		{016ECD4E-67C0-4B38-AA0C-BFACA3EAC62F}.Release|x64.ActiveCfg = Release|x64
		{016ECD4E-67C0-4B38-AA0C-BFACA3EAC62F}.Release|x64.Build.0 = Release|x64
		{016ECD4E-67C0-4B38-AA0C-BFACA3EAC62F}.Release|x86.ActiveCfg = Release|Win32
		{016ECD4E-67C0-4B38-AA0C-BFACA3EAC62F}.Release|x86.Build.0 = Release|Win32
		{E2F6BA56-55DE-4E93-A13E-E2A25454D7C0}.Debug|Any CPU.ActiveCfg = Debug|Win32
		{E2F6BA56-55DE-4E93-A13E-E2A25454D7C0}.Debug|x64.ActiveCfg = Debug|x64
		{E2F6BA56-55DE-4E93-A13E-E2A25454D7C0}.Debug|x64.Build.0 = Debug|x64
		{E2F6BA56-55DE-4E93-A13E-E2A25454D7C0}.Debug|x86.ActiveCfg = Debug|Win32
		{E2F6BA56-55DE-4E93-A13E-E2A25454D7C0}.Debug|x86.Build.0 = Debug|Win32
		{E2F6BA56-55DE-4E93-A13E-E2A25454D7C0}.Release|Any CPU.ActiveCfg = Release|Win32
		{E2F6BA56-55DE-4E93-A13E-E2A25454D7C0}.Release|x64.ActiveCfg = Release|x64
		{E2F6BA56-55DE-4E93-A13E-E2A25454D7C0}.Release|x64.Build.0 = Release|x64
		{E2F6BA56-55DE-4E93-A13E-E2A25454D7C0}.Release|x86.ActiveCfg = Release|Win32
		{E2F6BA56-55DE-4E93-A13E-E2A25454D7C0}.Release|x86.Build.0 = Release|Win32
		{D84F1C57-7431-4001-A201-F77B4996160E}.Debug|Any CPU.ActiveCfg = Debug|Win32
		{D84F1C57-7431-4001-A201-F77B4996160E}.Debug|x64.ActiveCfg = Debug|x64
		{D84F1C57-7431-4001-A201-F77B4996160E}.Debug|x64.Build.0 = Debug|x64
		{D84F1C57-7431-4001-A201-F77B4996160E}.Debug|x86.ActiveCfg = Debug|Win32
		{D84F1C57-7431-4001-A201-F77B4996160E}.Debug|x86.Build.0 = Debug|Win32
		{D84F1C57-7431-4001-A201-F77B4996160E}.Release|Any CPU.ActiveCfg = Release|Win32
		{D84F1C57-7431-4001-A201-F77B4996160E}.Release|x64.ActiveCfg = Release|x64
		{D84F1C57-7431-4001-A201-F77B4996160E}.Release|x64.Build.0 = Release|x64
		{D84F1C57-7431-4001-A201-F77B4996160E}.Release|x86.ActiveCfg = Release|Win32
		{D84F1C57-7431-4001-A201-F77B4996160E}.Release|x86.Build.0 = Release|Win32
		{03500469-0A6C-4B18-B3B9-F32204E81311}.Debug|Any CPU.ActiveCfg = Debug|Any CPU
		{03500469-0A6C-4B18-B3B9-F32204E81311}.Debug|Any CPU.Build.0 = Debug|Any CPU
		{03500469-0A6C-4B18-B3B9-F32204E81311}.Debug|x64.ActiveCfg = Debug|Any CPU
		{03500469-0A6C-4B18-B3B9-F32204E81311}.Debug|x64.Build.0 = Debug|Any CPU
		{03500469-0A6C-4B18-B3B9-F32204E81311}.Debug|x86.ActiveCfg = Debug|Any CPU
		{03500469-0A6C-4B18-B3B9-F32204E81311}.Debug|x86.Build.0 = Debug|Any CPU
		{03500469-0A6C-4B18-B3B9-F32204E81311}.Release|Any CPU.ActiveCfg = Release|Any CPU
		{03500469-0A6C-4B18-B3B9-F32204E81311}.Release|Any CPU.Build.0 = Release|Any CPU
		{03500469-0A6C-4B18-B3B9-F32204E81311}.Release|x64.ActiveCfg = Release|Any CPU
		{03500469-0A6C-4B18-B3B9-F32204E81311}.Release|x64.Build.0 = Release|Any CPU
		{03500469-0A6C-4B18-B3B9-F32204E81311}.Release|x86.ActiveCfg = Release|Any CPU
		{03500469-0A6C-4B18-B3B9-F32204E81311}.Release|x86.Build.0 = Release|Any CPU
	EndGlobalSection
	GlobalSection(SolutionProperties) = preSolution
		HideSolutionNode = FALSE
	EndGlobalSection
	GlobalSection(ExtensibilityGlobals) = postSolution
		SolutionGuid = {19BF233A-2284-4089-A25E-FF566AFCC5E3}
	EndGlobalSection
EndGlobal
